# This file is autogenerated, do not edit; changes may be undone by the next 'dep ensure'.


[[projects]]
  branch = "master"
  digest = "1:a745dbdf226873bb61a7ad116bac7fce5eedac339f9e67a4d745796713767187"
  name = "github.com/jeromelesaux/m4client"
  packages = ["cpc"]
  pruneopts = "UT"
  revision = "a8b223a3d2a618332a25cfc112dac777166aa807"

[solve-meta]
  analyzer-name = "dep"
  analyzer-version = 1
  input-imports = ["github.com/jeromelesaux/m4client/cpc"]
  solver-name = "gps-cdcl"
  solver-version = 1
