# This file is autogenerated, do not edit; changes may be undone by the next 'dep ensure'.


[[projects]]
  branch = "master"
  name = "github.com/jeromelesaux/m4client"
  packages = ["cpc"]
  revision = "d7d79ba9630bf2ea9fd424626d97b88d452b8487"

[solve-meta]
  analyzer-name = "dep"
  analyzer-version = 1
  inputs-digest = "3475b1dadf8665c77f31f4609882f02a900ccfdd0175637547500d9b8080eeab"
  solver-name = "gps-cdcl"
  solver-version = 1
